
Microsoft Visual Studio Solution File, Format Version 12.00
# Visual Studio 15
VisualStudioVersion = 15.0.27428.1
MinimumVisualStudioVersion = 10.0.40219.1
Project("{FAE04EC0-301F-11D3-BF4B-00C04F79EFBC}") = "HelloWercker", "HelloWercker\HelloWercker.csproj", "{8EDBD24D-2B92-4EB0-A1D7-1848F0AE5F55}"
EndProject
Global
	GlobalSection(SolutionConfigurationPlatforms) = preSolution
		Debug|Any CPU = Debug|Any CPU
		Release|Any CPU = Release|Any CPU
	EndGlobalSection
	GlobalSection(ProjectConfigurationPlatforms) = postSolution
		{8EDBD24D-2B92-4EB0-A1D7-1848F0AE5F55}.Debug|Any CPU.ActiveCfg = Debug|Any CPU
		{8EDBD24D-2B92-4EB0-A1D7-1848F0AE5F55}.Debug|Any CPU.Build.0 = Debug|Any CPU
		{8EDBD24D-2B92-4EB0-A1D7-1848F0AE5F55}.Release|Any CPU.ActiveCfg = Release|Any CPU
		{8EDBD24D-2B92-4EB0-A1D7-1848F0AE5F55}.Release|Any CPU.Build.0 = Release|Any CPU
	EndGlobalSection
	GlobalSection(SolutionProperties) = preSolution
		HideSolutionNode = FALSE
	EndGlobalSection
	GlobalSection(ExtensibilityGlobals) = postSolution
		SolutionGuid = {04616300-5E54-4349-AB7B-CFA3ED837AF0}
	EndGlobalSection
EndGlobal
